
Microsoft Visual Studio Solution File, Format Version 12.00
# Visual Studio 15
VisualStudioVersion = 15.0.28307.1800
MinimumVisualStudioVersion = 10.0.40219.1
Project("{FAE04EC0-301F-11D3-BF4B-00C04F79EFBC}") = "ParalellCrawler", "ParalellCrawler\ParalellCrawler.csproj", "{DC1DB01D-3C0D-451A-A311-DCB155C8D28A}"
EndProject
Global
	GlobalSection(SolutionConfigurationPlatforms) = preSolution
		Debug|Any CPU = Debug|Any CPU
		Release|Any CPU = Release|Any CPU
	EndGlobalSection
	GlobalSection(ProjectConfigurationPlatforms) = postSolution
		{DC1DB01D-3C0D-451A-A311-DCB155C8D28A}.Debug|Any CPU.ActiveCfg = Debug|Any CPU
		{DC1DB01D-3C0D-451A-A311-DCB155C8D28A}.Debug|Any CPU.Build.0 = Debug|Any CPU
		{DC1DB01D-3C0D-451A-A311-DCB155C8D28A}.Release|Any CPU.ActiveCfg = Release|Any CPU
		{DC1DB01D-3C0D-451A-A311-DCB155C8D28A}.Release|Any CPU.Build.0 = Release|Any CPU
	EndGlobalSection
	GlobalSection(SolutionProperties) = preSolution
		HideSolutionNode = FALSE
	EndGlobalSection
	GlobalSection(ExtensibilityGlobals) = postSolution
		SolutionGuid = {3F0F5A9E-B4E9-4BA1-BFC7-77758FB7855E}
	EndGlobalSection
EndGlobal
