
Microsoft Visual Studio Solution File, Format Version 12.00
# Visual Studio 15
VisualStudioVersion = 15.0.28307.1800
MinimumVisualStudioVersion = 10.0.40219.1
Project("{FAE04EC0-301F-11D3-BF4B-00C04F79EFBC}") = "LinkedList", "LinkedList\LinkedList.csproj", "{3A3EBFAE-F711-4159-BEF6-A76545F99381}"
EndProject
Project("{FAE04EC0-301F-11D3-BF4B-00C04F79EFBC}") = "ClockEvent", "ClockEvent\ClockEvent.csproj", "{04041980-81EF-4850-93AB-2591C04F546E}"
EndProject
Global
	GlobalSection(SolutionConfigurationPlatforms) = preSolution
		Debug|Any CPU = Debug|Any CPU
		Release|Any CPU = Release|Any CPU
	EndGlobalSection
	GlobalSection(ProjectConfigurationPlatforms) = postSolution
		{3A3EBFAE-F711-4159-BEF6-A76545F99381}.Debug|Any CPU.ActiveCfg = Debug|Any CPU
		{3A3EBFAE-F711-4159-BEF6-A76545F99381}.Debug|Any CPU.Build.0 = Debug|Any CPU
		{3A3EBFAE-F711-4159-BEF6-A76545F99381}.Release|Any CPU.ActiveCfg = Release|Any CPU
		{3A3EBFAE-F711-4159-BEF6-A76545F99381}.Release|Any CPU.Build.0 = Release|Any CPU
		{04041980-81EF-4850-93AB-2591C04F546E}.Debug|Any CPU.ActiveCfg = Debug|Any CPU
		{04041980-81EF-4850-93AB-2591C04F546E}.Debug|Any CPU.Build.0 = Debug|Any CPU
		{04041980-81EF-4850-93AB-2591C04F546E}.Release|Any CPU.ActiveCfg = Release|Any CPU
		{04041980-81EF-4850-93AB-2591C04F546E}.Release|Any CPU.Build.0 = Release|Any CPU
	EndGlobalSection
	GlobalSection(SolutionProperties) = preSolution
		HideSolutionNode = FALSE
	EndGlobalSection
	GlobalSection(ExtensibilityGlobals) = postSolution
		SolutionGuid = {9D22F81E-9646-4073-A4F8-9B73BEE5F9F3}
	EndGlobalSection
EndGlobal
