
Microsoft Visual Studio Solution File, Format Version 12.00
# Visual Studio 15
VisualStudioVersion = 15.0.28307.1800
MinimumVisualStudioVersion = 10.0.40219.1
Project("{FAE04EC0-301F-11D3-BF4B-00C04F79EFBC}") = "OrderProjectWithMysql", "OrderProjectWithMysql\OrderProjectWithMysql.csproj", "{F27CB0DF-CA4F-4B11-AF8E-846A2F824629}"
EndProject
Project("{FAE04EC0-301F-11D3-BF4B-00C04F79EFBC}") = "OrderUI", "..\homework8\OrderProject\OrderUI\OrderUI.csproj", "{A7CEF837-44C4-4FBB-9526-4D53998FCBAA}"
EndProject
Global
	GlobalSection(SolutionConfigurationPlatforms) = preSolution
		Debug|Any CPU = Debug|Any CPU
		Release|Any CPU = Release|Any CPU
	EndGlobalSection
	GlobalSection(ProjectConfigurationPlatforms) = postSolution
		{F27CB0DF-CA4F-4B11-AF8E-846A2F824629}.Debug|Any CPU.ActiveCfg = Debug|Any CPU
		{F27CB0DF-CA4F-4B11-AF8E-846A2F824629}.Debug|Any CPU.Build.0 = Debug|Any CPU
		{F27CB0DF-CA4F-4B11-AF8E-846A2F824629}.Release|Any CPU.ActiveCfg = Release|Any CPU
		{F27CB0DF-CA4F-4B11-AF8E-846A2F824629}.Release|Any CPU.Build.0 = Release|Any CPU
		{A7CEF837-44C4-4FBB-9526-4D53998FCBAA}.Debug|Any CPU.ActiveCfg = Debug|Any CPU
		{A7CEF837-44C4-4FBB-9526-4D53998FCBAA}.Debug|Any CPU.Build.0 = Debug|Any CPU
		{A7CEF837-44C4-4FBB-9526-4D53998FCBAA}.Release|Any CPU.ActiveCfg = Release|Any CPU
		{A7CEF837-44C4-4FBB-9526-4D53998FCBAA}.Release|Any CPU.Build.0 = Release|Any CPU
	EndGlobalSection
	GlobalSection(SolutionProperties) = preSolution
		HideSolutionNode = FALSE
	EndGlobalSection
	GlobalSection(ExtensibilityGlobals) = postSolution
		SolutionGuid = {CC17BFB5-DA4E-4F39-9B2A-B609DDBAFC9E}
	EndGlobalSection
EndGlobal
